
Microsoft Visual Studio Solution File, Format Version 12.00
# Visual Studio Version 17
VisualStudioVersion = 17.5.33530.505
MinimumVisualStudioVersion = 10.0.40219.1
Project("{2150E333-8FDC-42A3-9474-1A3956D46DE8}") = "Api", "Api", "{1045E1B0-3071-4B5B-A2F8-A6AB93968CE5}"
EndProject
Project("{9A19103F-16F7-4668-BE54-9A1E7A4F7556}") = "Api.Core.Application", "src\Api.Core.Application\Api.Core.Application.csproj", "{169D47CE-1EB1-475D-912E-313CCF9C86A6}"
EndProject
Project("{2150E333-8FDC-42A3-9474-1A3956D46DE8}") = "Core", "Core", "{C72FEB35-114C-4908-894C-010228ED6172}"
EndProject
Project("{2150E333-8FDC-42A3-9474-1A3956D46DE8}") = "Infrastructure", "Infrastructure", "{CC51D69C-C50C-469E-9400-62A8ABA03811}"
EndProject
Project("{2150E333-8FDC-42A3-9474-1A3956D46DE8}") = "Presentation", "Presentation", "{4DFFF4D8-C2E4-43AC-B729-7532FADCFCD1}"
EndProject
Project("{9A19103F-16F7-4668-BE54-9A1E7A4F7556}") = "Api.Infrastructure", "src\Api.Infrastructure\Api.Infrastructure.csproj", "{0058CD2C-80E1-4292-8F4C-47D74495A724}"
EndProject
Project("{9A19103F-16F7-4668-BE54-9A1E7A4F7556}") = "Api.Core.Domain", "src\Api.Core.Domain\Api.Core.Domain.csproj", "{90E22945-5F5C-476A-9506-0137BE35BC2D}"
EndProject
Project("{9A19103F-16F7-4668-BE54-9A1E7A4F7556}") = "Api.Presentation.WebApi", "src\Api.Presentation.WebApi\Api.Presentation.WebApi.csproj", "{FFA3DB5A-A961-4DAE-AEE8-5AA51C3E46F0}"
EndProject
Project("{2150E333-8FDC-42A3-9474-1A3956D46DE8}") = "Sync", "Sync", "{E10B4FE8-4842-4664-9F36-009973793BCD}"
EndProject
Project("{2150E333-8FDC-42A3-9474-1A3956D46DE8}") = "Core", "Core", "{C61A5254-E54E-47A4-ADB4-F5F5A254C372}"
EndProject
Project("{2150E333-8FDC-42A3-9474-1A3956D46DE8}") = "Infrastructure", "Infrastructure", "{DD53C92B-FEEC-4386-99A7-5221991C8230}"
EndProject
Project("{2150E333-8FDC-42A3-9474-1A3956D46DE8}") = "Presentation", "Presentation", "{F782A3C8-CA76-4CC1-A259-08D7456A2539}"
EndProject
Project("{9A19103F-16F7-4668-BE54-9A1E7A4F7556}") = "Api.Sync.Core.Application", "src\Api.Sync.Core.Application\Api.Sync.Core.Application.csproj", "{161B64E7-442D-4783-8790-177FB6D53C43}"
EndProject
Project("{9A19103F-16F7-4668-BE54-9A1E7A4F7556}") = "Api.Sync.Infrastructure", "src\Api.Sync.Infrastructure\Api.Sync.Infrastructure.csproj", "{2EC45A64-6AB6-4629-8095-D9B87EB019D8}"
EndProject
Project("{9A19103F-16F7-4668-BE54-9A1E7A4F7556}") = "Api.Sync.Presentation.WorkerService", "src\Api.Sync.Presentation.WorkerService\Api.Sync.Presentation.WorkerService.csproj", "{8AE77BB2-F605-40AF-98D6-52CA30229BD2}"
EndProject
Project("{2150E333-8FDC-42A3-9474-1A3956D46DE8}") = "Samples", "Samples", "{C02F0308-363A-42D0-9000-D2411D222C50}"
EndProject
Project("{FAE04EC0-301F-11D3-BF4B-00C04F79EFBC}") = "Api.Sdk.ConsoleApp", "samples\Api.Sdk.ConsoleApp\Api.Sdk.ConsoleApp.csproj", "{8238088B-1B71-4A71-B88B-B3402C9D1FA0}"
EndProject
Global
	GlobalSection(SolutionConfigurationPlatforms) = preSolution
		Debug|Any CPU = Debug|Any CPU
		Release|Any CPU = Release|Any CPU
	EndGlobalSection
	GlobalSection(ProjectConfigurationPlatforms) = postSolution
		{169D47CE-1EB1-475D-912E-313CCF9C86A6}.Debug|Any CPU.ActiveCfg = Debug|Any CPU
		{169D47CE-1EB1-475D-912E-313CCF9C86A6}.Debug|Any CPU.Build.0 = Debug|Any CPU
		{169D47CE-1EB1-475D-912E-313CCF9C86A6}.Release|Any CPU.ActiveCfg = Release|Any CPU
		{169D47CE-1EB1-475D-912E-313CCF9C86A6}.Release|Any CPU.Build.0 = Release|Any CPU
		{0058CD2C-80E1-4292-8F4C-47D74495A724}.Debug|Any CPU.ActiveCfg = Debug|Any CPU
		{0058CD2C-80E1-4292-8F4C-47D74495A724}.Debug|Any CPU.Build.0 = Debug|Any CPU
		{0058CD2C-80E1-4292-8F4C-47D74495A724}.Release|Any CPU.ActiveCfg = Release|Any CPU
		{0058CD2C-80E1-4292-8F4C-47D74495A724}.Release|Any CPU.Build.0 = Release|Any CPU
		{90E22945-5F5C-476A-9506-0137BE35BC2D}.Debug|Any CPU.ActiveCfg = Debug|Any CPU
		{90E22945-5F5C-476A-9506-0137BE35BC2D}.Debug|Any CPU.Build.0 = Debug|Any CPU
		{90E22945-5F5C-476A-9506-0137BE35BC2D}.Release|Any CPU.ActiveCfg = Release|Any CPU
		{90E22945-5F5C-476A-9506-0137BE35BC2D}.Release|Any CPU.Build.0 = Release|Any CPU
		{FFA3DB5A-A961-4DAE-AEE8-5AA51C3E46F0}.Debug|Any CPU.ActiveCfg = Debug|Any CPU
		{FFA3DB5A-A961-4DAE-AEE8-5AA51C3E46F0}.Debug|Any CPU.Build.0 = Debug|Any CPU
		{FFA3DB5A-A961-4DAE-AEE8-5AA51C3E46F0}.Release|Any CPU.ActiveCfg = Release|Any CPU
		{FFA3DB5A-A961-4DAE-AEE8-5AA51C3E46F0}.Release|Any CPU.Build.0 = Release|Any CPU
		{161B64E7-442D-4783-8790-177FB6D53C43}.Debug|Any CPU.ActiveCfg = Debug|Any CPU
		{161B64E7-442D-4783-8790-177FB6D53C43}.Debug|Any CPU.Build.0 = Debug|Any CPU
		{161B64E7-442D-4783-8790-177FB6D53C43}.Release|Any CPU.ActiveCfg = Release|Any CPU
		{161B64E7-442D-4783-8790-177FB6D53C43}.Release|Any CPU.Build.0 = Release|Any CPU
		{2EC45A64-6AB6-4629-8095-D9B87EB019D8}.Debug|Any CPU.ActiveCfg = Debug|Any CPU
		{2EC45A64-6AB6-4629-8095-D9B87EB019D8}.Debug|Any CPU.Build.0 = Debug|Any CPU
		{2EC45A64-6AB6-4629-8095-D9B87EB019D8}.Release|Any CPU.ActiveCfg = Release|Any CPU
		{2EC45A64-6AB6-4629-8095-D9B87EB019D8}.Release|Any CPU.Build.0 = Release|Any CPU
		{8AE77BB2-F605-40AF-98D6-52CA30229BD2}.Debug|Any CPU.ActiveCfg = Debug|Any CPU
		{8AE77BB2-F605-40AF-98D6-52CA30229BD2}.Debug|Any CPU.Build.0 = Debug|Any CPU
		{8AE77BB2-F605-40AF-98D6-52CA30229BD2}.Release|Any CPU.ActiveCfg = Release|Any CPU
		{8AE77BB2-F605-40AF-98D6-52CA30229BD2}.Release|Any CPU.Build.0 = Release|Any CPU
		{8238088B-1B71-4A71-B88B-B3402C9D1FA0}.Debug|Any CPU.ActiveCfg = Debug|Any CPU
		{8238088B-1B71-4A71-B88B-B3402C9D1FA0}.Debug|Any CPU.Build.0 = Debug|Any CPU
		{8238088B-1B71-4A71-B88B-B3402C9D1FA0}.Release|Any CPU.ActiveCfg = Release|Any CPU
		{8238088B-1B71-4A71-B88B-B3402C9D1FA0}.Release|Any CPU.Build.0 = Release|Any CPU
	EndGlobalSection
	GlobalSection(SolutionProperties) = preSolution
		HideSolutionNode = FALSE
	EndGlobalSection
	GlobalSection(NestedProjects) = preSolution
		{169D47CE-1EB1-475D-912E-313CCF9C86A6} = {C72FEB35-114C-4908-894C-010228ED6172}
		{C72FEB35-114C-4908-894C-010228ED6172} = {1045E1B0-3071-4B5B-A2F8-A6AB93968CE5}
		{CC51D69C-C50C-469E-9400-62A8ABA03811} = {1045E1B0-3071-4B5B-A2F8-A6AB93968CE5}
		{4DFFF4D8-C2E4-43AC-B729-7532FADCFCD1} = {1045E1B0-3071-4B5B-A2F8-A6AB93968CE5}
		{0058CD2C-80E1-4292-8F4C-47D74495A724} = {CC51D69C-C50C-469E-9400-62A8ABA03811}
		{90E22945-5F5C-476A-9506-0137BE35BC2D} = {C72FEB35-114C-4908-894C-010228ED6172}
		{FFA3DB5A-A961-4DAE-AEE8-5AA51C3E46F0} = {4DFFF4D8-C2E4-43AC-B729-7532FADCFCD1}
		{C61A5254-E54E-47A4-ADB4-F5F5A254C372} = {E10B4FE8-4842-4664-9F36-009973793BCD}
		{DD53C92B-FEEC-4386-99A7-5221991C8230} = {E10B4FE8-4842-4664-9F36-009973793BCD}
		{F782A3C8-CA76-4CC1-A259-08D7456A2539} = {E10B4FE8-4842-4664-9F36-009973793BCD}
		{161B64E7-442D-4783-8790-177FB6D53C43} = {C61A5254-E54E-47A4-ADB4-F5F5A254C372}
		{2EC45A64-6AB6-4629-8095-D9B87EB019D8} = {DD53C92B-FEEC-4386-99A7-5221991C8230}
		{8AE77BB2-F605-40AF-98D6-52CA30229BD2} = {F782A3C8-CA76-4CC1-A259-08D7456A2539}
		{8238088B-1B71-4A71-B88B-B3402C9D1FA0} = {C02F0308-363A-42D0-9000-D2411D222C50}
	EndGlobalSection
	GlobalSection(ExtensibilityGlobals) = postSolution
		SolutionGuid = {3F30C6B7-10F9-4ECB-BEF9-6CAF6511CAF4}
	EndGlobalSection
EndGlobal
